// !$*UTF8*$!
{
	archiveVersion = 1;
	classes = {
	};
	objectVersion = 51;
	objects = {

/* Begin PBXBuildFile section */
		1E632EE0607B5AE2F0C4E340 /* Pods_AnywhereFitness2.framework in Frameworks */ = {isa = PBXBuildFile; fileRef = 86E9C3CA94C7FB3556290FE9 /* Pods_AnywhereFitness2.framework */; };
		31711CEE25390103003BF8DE /* AppDelegate.swift in Sources */ = {isa = PBXBuildFile; fileRef = 31711CED25390103003BF8DE /* AppDelegate.swift */; };
		31711CF025390103003BF8DE /* SceneDelegate.swift in Sources */ = {isa = PBXBuildFile; fileRef = 31711CEF25390103003BF8DE /* SceneDelegate.swift */; };
		31711CF525390103003BF8DE /* Main.storyboard in Resources */ = {isa = PBXBuildFile; fileRef = 31711CF325390103003BF8DE /* Main.storyboard */; };
		31711CF825390103003BF8DE /* AnywhereFitness2.xcdatamodeld in Sources */ = {isa = PBXBuildFile; fileRef = 31711CF625390103003BF8DE /* AnywhereFitness2.xcdatamodeld */; };
		31711CFA25390104003BF8DE /* Assets.xcassets in Resources */ = {isa = PBXBuildFile; fileRef = 31711CF925390104003BF8DE /* Assets.xcassets */; };
		31711CFD25390104003BF8DE /* LaunchScreen.storyboard in Resources */ = {isa = PBXBuildFile; fileRef = 31711CFB25390104003BF8DE /* LaunchScreen.storyboard */; };
		4617BC2E253F8EF9000F09C1 /* HomeViewController.swift in Sources */ = {isa = PBXBuildFile; fileRef = 4617BC2D253F8EF9000F09C1 /* HomeViewController.swift */; };
		4617BC31253F8F9C000F09C1 /* EditProfileViewController.swift in Sources */ = {isa = PBXBuildFile; fileRef = 4617BC30253F8F9C000F09C1 /* EditProfileViewController.swift */; };
		4617BC34253F9199000F09C1 /* MyClassesTableViewController.swift in Sources */ = {isa = PBXBuildFile; fileRef = 4617BC33253F9199000F09C1 /* MyClassesTableViewController.swift */; };
		4617BC37253F9224000F09C1 /* ClassDetailViewController.swift in Sources */ = {isa = PBXBuildFile; fileRef = 4617BC36253F9224000F09C1 /* ClassDetailViewController.swift */; };
		4617BC3D253FACFC000F09C1 /* CourseTableViewCell.swift in Sources */ = {isa = PBXBuildFile; fileRef = 4617BC3C253FACFC000F09C1 /* CourseTableViewCell.swift */; };
		4617BC41253FAD22000F09C1 /* CourseCollectionViewCell.swift in Sources */ = {isa = PBXBuildFile; fileRef = 4617BC40253FAD22000F09C1 /* CourseCollectionViewCell.swift */; };
		4617BC44253FADBA000F09C1 /* MyClassTableViewCell.swift in Sources */ = {isa = PBXBuildFile; fileRef = 4617BC43253FADBA000F09C1 /* MyClassTableViewCell.swift */; };
		4617BC47253FB7FD000F09C1 /* Course+Convinience.swift in Sources */ = {isa = PBXBuildFile; fileRef = 4617BC46253FB7FD000F09C1 /* Course+Convinience.swift */; };
		464DA610253BD8F3001123FF /* CodeDataStack.swift in Sources */ = {isa = PBXBuildFile; fileRef = 464DA60F253BD8F2001123FF /* CodeDataStack.swift */; };
		4679C566253919720070C8FC /* SignUpViewController.swift in Sources */ = {isa = PBXBuildFile; fileRef = 4679C565253919720070C8FC /* SignUpViewController.swift */; };
		4679C56E25391E1E0070C8FC /* LoginViewController.swift in Sources */ = {isa = PBXBuildFile; fileRef = 4679C56D25391E1E0070C8FC /* LoginViewController.swift */; };
		4679C59C253948700070C8FC /* Models.xcdatamodeld in Sources */ = {isa = PBXBuildFile; fileRef = 4679C59A253948700070C8FC /* Models.xcdatamodeld */; };
		4679C59F25394BB90070C8FC /* CourseRepresentaion.swift in Sources */ = {isa = PBXBuildFile; fileRef = 4679C59E25394BB90070C8FC /* CourseRepresentaion.swift */; };
		4679C5A225394BD40070C8FC /* User.swift in Sources */ = {isa = PBXBuildFile; fileRef = 4679C5A125394BD40070C8FC /* User.swift */; };
/* End PBXBuildFile section */

/* Begin PBXFileReference section */
		0968A786DA10B229F3FCF300 /* Pods-AnywhereFitness2.release.xcconfig */ = {isa = PBXFileReference; includeInIndex = 1; lastKnownFileType = text.xcconfig; name = "Pods-AnywhereFitness2.release.xcconfig"; path = "Target Support Files/Pods-AnywhereFitness2/Pods-AnywhereFitness2.release.xcconfig"; sourceTree = "<group>"; };
		31711CEA25390103003BF8DE /* AnywhereFitness2.app */ = {isa = PBXFileReference; explicitFileType = wrapper.application; includeInIndex = 0; path = AnywhereFitness2.app; sourceTree = BUILT_PRODUCTS_DIR; };
		31711CED25390103003BF8DE /* AppDelegate.swift */ = {isa = PBXFileReference; lastKnownFileType = sourcecode.swift; path = AppDelegate.swift; sourceTree = "<group>"; };
		31711CEF25390103003BF8DE /* SceneDelegate.swift */ = {isa = PBXFileReference; lastKnownFileType = sourcecode.swift; path = SceneDelegate.swift; sourceTree = "<group>"; };
		31711CF425390103003BF8DE /* Base */ = {isa = PBXFileReference; lastKnownFileType = file.storyboard; name = Base; path = Base.lproj/Main.storyboard; sourceTree = "<group>"; };
		31711CF725390103003BF8DE /* AnywhereFitness2.xcdatamodel */ = {isa = PBXFileReference; lastKnownFileType = wrapper.xcdatamodel; path = AnywhereFitness2.xcdatamodel; sourceTree = "<group>"; };
		31711CF925390104003BF8DE /* Assets.xcassets */ = {isa = PBXFileReference; lastKnownFileType = folder.assetcatalog; path = Assets.xcassets; sourceTree = "<group>"; };
		31711CFC25390104003BF8DE /* Base */ = {isa = PBXFileReference; lastKnownFileType = file.storyboard; name = Base; path = Base.lproj/LaunchScreen.storyboard; sourceTree = "<group>"; };
		31711CFE25390104003BF8DE /* Info.plist */ = {isa = PBXFileReference; lastKnownFileType = text.plist.xml; path = Info.plist; sourceTree = "<group>"; };
		4617BC2D253F8EF9000F09C1 /* HomeViewController.swift */ = {isa = PBXFileReference; lastKnownFileType = sourcecode.swift; path = HomeViewController.swift; sourceTree = "<group>"; };
		4617BC30253F8F9C000F09C1 /* EditProfileViewController.swift */ = {isa = PBXFileReference; lastKnownFileType = sourcecode.swift; path = EditProfileViewController.swift; sourceTree = "<group>"; };
		4617BC33253F9199000F09C1 /* MyClassesTableViewController.swift */ = {isa = PBXFileReference; lastKnownFileType = sourcecode.swift; path = MyClassesTableViewController.swift; sourceTree = "<group>"; };
		4617BC36253F9224000F09C1 /* ClassDetailViewController.swift */ = {isa = PBXFileReference; lastKnownFileType = sourcecode.swift; path = ClassDetailViewController.swift; sourceTree = "<group>"; };
		4617BC3C253FACFC000F09C1 /* CourseTableViewCell.swift */ = {isa = PBXFileReference; lastKnownFileType = sourcecode.swift; path = CourseTableViewCell.swift; sourceTree = "<group>"; };
		4617BC40253FAD22000F09C1 /* CourseCollectionViewCell.swift */ = {isa = PBXFileReference; lastKnownFileType = sourcecode.swift; path = CourseCollectionViewCell.swift; sourceTree = "<group>"; };
		4617BC43253FADBA000F09C1 /* MyClassTableViewCell.swift */ = {isa = PBXFileReference; lastKnownFileType = sourcecode.swift; path = MyClassTableViewCell.swift; sourceTree = "<group>"; };
		4617BC46253FB7FD000F09C1 /* Course+Convinience.swift */ = {isa = PBXFileReference; lastKnownFileType = sourcecode.swift; path = "Course+Convinience.swift"; sourceTree = "<group>"; };
		464DA60F253BD8F2001123FF /* CodeDataStack.swift */ = {isa = PBXFileReference; lastKnownFileType = sourcecode.swift; path = CodeDataStack.swift; sourceTree = "<group>"; };
		4679C565253919720070C8FC /* SignUpViewController.swift */ = {isa = PBXFileReference; lastKnownFileType = sourcecode.swift; path = SignUpViewController.swift; sourceTree = "<group>"; };
		4679C56D25391E1E0070C8FC /* LoginViewController.swift */ = {isa = PBXFileReference; lastKnownFileType = sourcecode.swift; path = LoginViewController.swift; sourceTree = "<group>"; };
		4679C59B253948700070C8FC /* Models.xcdatamodel */ = {isa = PBXFileReference; lastKnownFileType = wrapper.xcdatamodel; path = Models.xcdatamodel; sourceTree = "<group>"; };
		4679C59E25394BB90070C8FC /* CourseRepresentaion.swift */ = {isa = PBXFileReference; lastKnownFileType = sourcecode.swift; path = CourseRepresentaion.swift; sourceTree = "<group>"; };
		4679C5A125394BD40070C8FC /* User.swift */ = {isa = PBXFileReference; lastKnownFileType = sourcecode.swift; path = User.swift; sourceTree = "<group>"; };
		86E9C3CA94C7FB3556290FE9 /* Pods_AnywhereFitness2.framework */ = {isa = PBXFileReference; explicitFileType = wrapper.framework; includeInIndex = 0; path = Pods_AnywhereFitness2.framework; sourceTree = BUILT_PRODUCTS_DIR; };
		AFB4A3B6052BA4D88B3D213B /* Pods-AnywhereFitness2.debug.xcconfig */ = {isa = PBXFileReference; includeInIndex = 1; lastKnownFileType = text.xcconfig; name = "Pods-AnywhereFitness2.debug.xcconfig"; path = "Target Support Files/Pods-AnywhereFitness2/Pods-AnywhereFitness2.debug.xcconfig"; sourceTree = "<group>"; };
/* End PBXFileReference section */

/* Begin PBXFrameworksBuildPhase section */
		31711CE725390103003BF8DE /* Frameworks */ = {
			isa = PBXFrameworksBuildPhase;
			buildActionMask = 2147483647;
			files = (
				1E632EE0607B5AE2F0C4E340 /* Pods_AnywhereFitness2.framework in Frameworks */,
			);
			runOnlyForDeploymentPostprocessing = 0;
		};
/* End PBXFrameworksBuildPhase section */

/* Begin PBXGroup section */
		3161561F34C6AA908F60455C /* Frameworks */ = {
			isa = PBXGroup;
			children = (
				86E9C3CA94C7FB3556290FE9 /* Pods_AnywhereFitness2.framework */,
			);
			name = Frameworks;
			sourceTree = "<group>";
		};
		31711CE125390103003BF8DE = {
			isa = PBXGroup;
			children = (
				31711CEC25390103003BF8DE /* AnywhereFitness2 */,
				31711CEB25390103003BF8DE /* Products */,
				E13C75E3A88307712342B17E /* Pods */,
				3161561F34C6AA908F60455C /* Frameworks */,
			);
			sourceTree = "<group>";
		};
		31711CEB25390103003BF8DE /* Products */ = {
			isa = PBXGroup;
			children = (
				31711CEA25390103003BF8DE /* AnywhereFitness2.app */,
			);
			name = Products;
			sourceTree = "<group>";
		};
		31711CEC25390103003BF8DE /* AnywhereFitness2 */ = {
			isa = PBXGroup;
			children = (
				4617BC39253FABE1000F09C1 /* Views */,
				4679C5992539485D0070C8FC /* Models */,
				4679C563253919570070C8FC /* View Controllers */,
				31711CED25390103003BF8DE /* AppDelegate.swift */,
				31711CEF25390103003BF8DE /* SceneDelegate.swift */,
				31711CF325390103003BF8DE /* Main.storyboard */,
				31711CF925390104003BF8DE /* Assets.xcassets */,
				31711CFB25390104003BF8DE /* LaunchScreen.storyboard */,
				31711CFE25390104003BF8DE /* Info.plist */,
				31711CF625390103003BF8DE /* AnywhereFitness2.xcdatamodeld */,
			);
			path = AnywhereFitness2;
			sourceTree = "<group>";
		};
		4617BC39253FABE1000F09C1 /* Views */ = {
			isa = PBXGroup;
			children = (
				4617BC3B253FAC5A000F09C1 /* CollectionViewCells */,
				4617BC3A253FAC21000F09C1 /* TableViewCells */,
			);
			path = Views;
			sourceTree = "<group>";
		};
		4617BC3A253FAC21000F09C1 /* TableViewCells */ = {
			isa = PBXGroup;
			children = (
				4617BC3C253FACFC000F09C1 /* CourseTableViewCell.swift */,
				4617BC43253FADBA000F09C1 /* MyClassTableViewCell.swift */,
			);
			path = TableViewCells;
			sourceTree = "<group>";
		};
		4617BC3B253FAC5A000F09C1 /* CollectionViewCells */ = {
			isa = PBXGroup;
			children = (
				4617BC40253FAD22000F09C1 /* CourseCollectionViewCell.swift */,
			);
			path = CollectionViewCells;
			sourceTree = "<group>";
		};
		4679C563253919570070C8FC /* View Controllers */ = {
			isa = PBXGroup;
			children = (
				4679C565253919720070C8FC /* SignUpViewController.swift */,
				4679C56D25391E1E0070C8FC /* LoginViewController.swift */,
				4617BC2D253F8EF9000F09C1 /* HomeViewController.swift */,
				4617BC30253F8F9C000F09C1 /* EditProfileViewController.swift */,
				4617BC33253F9199000F09C1 /* MyClassesTableViewController.swift */,
				4617BC36253F9224000F09C1 /* ClassDetailViewController.swift */,
			);
			path = "View Controllers";
			sourceTree = "<group>";
		};
		4679C5992539485D0070C8FC /* Models */ = {
			isa = PBXGroup;
			children = (
				4679C59A253948700070C8FC /* Models.xcdatamodeld */,
				4679C59E25394BB90070C8FC /* CourseRepresentaion.swift */,
				4679C5A125394BD40070C8FC /* User.swift */,
				464DA60F253BD8F2001123FF /* CodeDataStack.swift */,
				4617BC46253FB7FD000F09C1 /* Course+Convinience.swift */,
			);
			path = Models;
			sourceTree = "<group>";
		};
		E13C75E3A88307712342B17E /* Pods */ = {
			isa = PBXGroup;
			children = (
				AFB4A3B6052BA4D88B3D213B /* Pods-AnywhereFitness2.debug.xcconfig */,
				0968A786DA10B229F3FCF300 /* Pods-AnywhereFitness2.release.xcconfig */,
			);
			path = Pods;
			sourceTree = "<group>";
		};
/* End PBXGroup section */

/* Begin PBXNativeTarget section */
		31711CE925390103003BF8DE /* AnywhereFitness2 */ = {
			isa = PBXNativeTarget;
			buildConfigurationList = 31711D0125390104003BF8DE /* Build configuration list for PBXNativeTarget "AnywhereFitness2" */;
			buildPhases = (
				CD29E739B7D9E7AD4FF25ADD /* [CP] Check Pods Manifest.lock */,
				31711CE625390103003BF8DE /* Sources */,
				31711CE725390103003BF8DE /* Frameworks */,
				31711CE825390103003BF8DE /* Resources */,
				A140A38DC0CDEA3343C3B447 /* [CP] Embed Pods Frameworks */,
			);
			buildRules = (
			);
			dependencies = (
			);
			name = AnywhereFitness2;
			productName = AnywhereFitness2;
			productReference = 31711CEA25390103003BF8DE /* AnywhereFitness2.app */;
			productType = "com.apple.product-type.application";
		};
/* End PBXNativeTarget section */

/* Begin PBXProject section */
		31711CE225390103003BF8DE /* Project object */ = {
			isa = PBXProject;
			attributes = {
				LastSwiftUpdateCheck = 1160;
				LastUpgradeCheck = 1160;
				ORGANIZATIONNAME = "John McCants";
				TargetAttributes = {
					31711CE925390103003BF8DE = {
						CreatedOnToolsVersion = 11.6;
					};
				};
			};
			buildConfigurationList = 31711CE525390103003BF8DE /* Build configuration list for PBXProject "AnywhereFitness2" */;
			compatibilityVersion = "Xcode 9.3";
			developmentRegion = en;
			hasScannedForEncodings = 0;
			knownRegions = (
				en,
				Base,
			);
			mainGroup = 31711CE125390103003BF8DE;
			productRefGroup = 31711CEB25390103003BF8DE /* Products */;
			projectDirPath = "";
			projectRoot = "";
			targets = (
				31711CE925390103003BF8DE /* AnywhereFitness2 */,
			);
		};
/* End PBXProject section */

/* Begin PBXResourcesBuildPhase section */
		31711CE825390103003BF8DE /* Resources */ = {
			isa = PBXResourcesBuildPhase;
			buildActionMask = 2147483647;
			files = (
				31711CFD25390104003BF8DE /* LaunchScreen.storyboard in Resources */,
				31711CFA25390104003BF8DE /* Assets.xcassets in Resources */,
				31711CF525390103003BF8DE /* Main.storyboard in Resources */,
			);
			runOnlyForDeploymentPostprocessing = 0;
		};
/* End PBXResourcesBuildPhase section */

/* Begin PBXShellScriptBuildPhase section */
		A140A38DC0CDEA3343C3B447 /* [CP] Embed Pods Frameworks */ = {
			isa = PBXShellScriptBuildPhase;
			buildActionMask = 2147483647;
			files = (
			);
			inputFileListPaths = (
				"${PODS_ROOT}/Target Support Files/Pods-AnywhereFitness2/Pods-AnywhereFitness2-frameworks-${CONFIGURATION}-input-files.xcfilelist",
			);
			name = "[CP] Embed Pods Frameworks";
			outputFileListPaths = (
				"${PODS_ROOT}/Target Support Files/Pods-AnywhereFitness2/Pods-AnywhereFitness2-frameworks-${CONFIGURATION}-output-files.xcfilelist",
			);
			runOnlyForDeploymentPostprocessing = 0;
			shellPath = /bin/sh;
			shellScript = "\"${PODS_ROOT}/Target Support Files/Pods-AnywhereFitness2/Pods-AnywhereFitness2-frameworks.sh\"\n";
			showEnvVarsInLog = 0;
		};
		CD29E739B7D9E7AD4FF25ADD /* [CP] Check Pods Manifest.lock */ = {
			isa = PBXShellScriptBuildPhase;
			buildActionMask = 2147483647;
			files = (
			);
			inputFileListPaths = (
			);
			inputPaths = (
				"${PODS_PODFILE_DIR_PATH}/Podfile.lock",
				"${PODS_ROOT}/Manifest.lock",
			);
			name = "[CP] Check Pods Manifest.lock";
			outputFileListPaths = (
			);
			outputPaths = (
				"$(DERIVED_FILE_DIR)/Pods-AnywhereFitness2-checkManifestLockResult.txt",
			);
			runOnlyForDeploymentPostprocessing = 0;
			shellPath = /bin/sh;
			shellScript = "diff \"${PODS_PODFILE_DIR_PATH}/Podfile.lock\" \"${PODS_ROOT}/Manifest.lock\" > /dev/null\nif [ $? != 0 ] ; then\n    # print error to STDERR\n    echo \"error: The sandbox is not in sync with the Podfile.lock. Run 'pod install' or update your CocoaPods installation.\" >&2\n    exit 1\nfi\n# This output is used by Xcode 'outputs' to avoid re-running this script phase.\necho \"SUCCESS\" > \"${SCRIPT_OUTPUT_FILE_0}\"\n";
			showEnvVarsInLog = 0;
		};
/* End PBXShellScriptBuildPhase section */

/* Begin PBXSourcesBuildPhase section */
		31711CE625390103003BF8DE /* Sources */ = {
			isa = PBXSourcesBuildPhase;
			buildActionMask = 2147483647;
			files = (
				4617BC31253F8F9C000F09C1 /* EditProfileViewController.swift in Sources */,
				31711CEE25390103003BF8DE /* AppDelegate.swift in Sources */,
				31711CF825390103003BF8DE /* AnywhereFitness2.xcdatamodeld in Sources */,
				4617BC41253FAD22000F09C1 /* CourseCollectionViewCell.swift in Sources */,
				4617BC44253FADBA000F09C1 /* MyClassTableViewCell.swift in Sources */,
				4617BC37253F9224000F09C1 /* ClassDetailViewController.swift in Sources */,
				31711CF025390103003BF8DE /* SceneDelegate.swift in Sources */,
				4617BC34253F9199000F09C1 /* MyClassesTableViewController.swift in Sources */,
				4617BC3D253FACFC000F09C1 /* CourseTableViewCell.swift in Sources */,
				4679C59C253948700070C8FC /* Models.xcdatamodeld in Sources */,
				4679C59F25394BB90070C8FC /* CourseRepresentaion.swift in Sources */,
				4617BC2E253F8EF9000F09C1 /* HomeViewController.swift in Sources */,
				4617BC47253FB7FD000F09C1 /* Course+Convinience.swift in Sources */,
				4679C5A225394BD40070C8FC /* User.swift in Sources */,
				4679C56E25391E1E0070C8FC /* LoginViewController.swift in Sources */,
				464DA610253BD8F3001123FF /* CodeDataStack.swift in Sources */,
				4679C566253919720070C8FC /* SignUpViewController.swift in Sources */,
			);
			runOnlyForDeploymentPostprocessing = 0;
		};
/* End PBXSourcesBuildPhase section */

/* Begin PBXVariantGroup section */
		31711CF325390103003BF8DE /* Main.storyboard */ = {
			isa = PBXVariantGroup;
			children = (
				31711CF425390103003BF8DE /* Base */,
			);
			name = Main.storyboard;
			sourceTree = "<group>";
		};
		31711CFB25390104003BF8DE /* LaunchScreen.storyboard */ = {
			isa = PBXVariantGroup;
			children = (
				31711CFC25390104003BF8DE /* Base */,
			);
			name = LaunchScreen.storyboard;
			sourceTree = "<group>";
		};
/* End PBXVariantGroup section */

/* Begin XCBuildConfiguration section */
		31711CFF25390104003BF8DE /* Debug */ = {
			isa = XCBuildConfiguration;
			buildSettings = {
				ALWAYS_SEARCH_USER_PATHS = NO;
				CLANG_ANALYZER_NONNULL = YES;
				CLANG_ANALYZER_NUMBER_OBJECT_CONVERSION = YES_AGGRESSIVE;
				CLANG_CXX_LANGUAGE_STANDARD = "gnu++14";
				CLANG_CXX_LIBRARY = "libc++";
				CLANG_ENABLE_MODULES = YES;
				CLANG_ENABLE_OBJC_ARC = YES;
				CLANG_ENABLE_OBJC_WEAK = YES;
				CLANG_WARN_BLOCK_CAPTURE_AUTORELEASING = YES;
				CLANG_WARN_BOOL_CONVERSION = YES;
				CLANG_WARN_COMMA = YES;
				CLANG_WARN_CONSTANT_CONVERSION = YES;
				CLANG_WARN_DEPRECATED_OBJC_IMPLEMENTATIONS = YES;
				CLANG_WARN_DIRECT_OBJC_ISA_USAGE = YES_ERROR;
				CLANG_WARN_DOCUMENTATION_COMMENTS = YES;
				CLANG_WARN_EMPTY_BODY = YES;
				CLANG_WARN_ENUM_CONVERSION = YES;
				CLANG_WARN_INFINITE_RECURSION = YES;
				CLANG_WARN_INT_CONVERSION = YES;
				CLANG_WARN_NON_LITERAL_NULL_CONVERSION = YES;
				CLANG_WARN_OBJC_IMPLICIT_RETAIN_SELF = YES;
				CLANG_WARN_OBJC_LITERAL_CONVERSION = YES;
				CLANG_WARN_OBJC_ROOT_CLASS = YES_ERROR;
				CLANG_WARN_RANGE_LOOP_ANALYSIS = YES;
				CLANG_WARN_STRICT_PROTOTYPES = YES;
				CLANG_WARN_SUSPICIOUS_MOVE = YES;
				CLANG_WARN_UNGUARDED_AVAILABILITY = YES_AGGRESSIVE;
				CLANG_WARN_UNREACHABLE_CODE = YES;
				CLANG_WARN__DUPLICATE_METHOD_MATCH = YES;
				COPY_PHASE_STRIP = NO;
				DEBUG_INFORMATION_FORMAT = dwarf;
				ENABLE_STRICT_OBJC_MSGSEND = YES;
				ENABLE_TESTABILITY = YES;
				GCC_C_LANGUAGE_STANDARD = gnu11;
				GCC_DYNAMIC_NO_PIC = NO;
				GCC_NO_COMMON_BLOCKS = YES;
				GCC_OPTIMIZATION_LEVEL = 0;
				GCC_PREPROCESSOR_DEFINITIONS = (
					"DEBUG=1",
					"$(inherited)",
				);
				GCC_WARN_64_TO_32_BIT_CONVERSION = YES;
				GCC_WARN_ABOUT_RETURN_TYPE = YES_ERROR;
				GCC_WARN_UNDECLARED_SELECTOR = YES;
				GCC_WARN_UNINITIALIZED_AUTOS = YES_AGGRESSIVE;
				GCC_WARN_UNUSED_FUNCTION = YES;
				GCC_WARN_UNUSED_VARIABLE = YES;
				IPHONEOS_DEPLOYMENT_TARGET = 13.6;
				MTL_ENABLE_DEBUG_INFO = INCLUDE_SOURCE;
				MTL_FAST_MATH = YES;
				ONLY_ACTIVE_ARCH = YES;
				SDKROOT = iphoneos;
				SWIFT_ACTIVE_COMPILATION_CONDITIONS = DEBUG;
				SWIFT_OPTIMIZATION_LEVEL = "-Onone";
			};
			name = Debug;
		};
		31711D0025390104003BF8DE /* Release */ = {
			isa = XCBuildConfiguration;
			buildSettings = {
				ALWAYS_SEARCH_USER_PATHS = NO;
				CLANG_ANALYZER_NONNULL = YES;
				CLANG_ANALYZER_NUMBER_OBJECT_CONVERSION = YES_AGGRESSIVE;
				CLANG_CXX_LANGUAGE_STANDARD = "gnu++14";
				CLANG_CXX_LIBRARY = "libc++";
				CLANG_ENABLE_MODULES = YES;
				CLANG_ENABLE_OBJC_ARC = YES;
				CLANG_ENABLE_OBJC_WEAK = YES;
				CLANG_WARN_BLOCK_CAPTURE_AUTORELEASING = YES;
				CLANG_WARN_BOOL_CONVERSION = YES;
				CLANG_WARN_COMMA = YES;
				CLANG_WARN_CONSTANT_CONVERSION = YES;
				CLANG_WARN_DEPRECATED_OBJC_IMPLEMENTATIONS = YES;
				CLANG_WARN_DIRECT_OBJC_ISA_USAGE = YES_ERROR;
				CLANG_WARN_DOCUMENTATION_COMMENTS = YES;
				CLANG_WARN_EMPTY_BODY = YES;
				CLANG_WARN_ENUM_CONVERSION = YES;
				CLANG_WARN_INFINITE_RECURSION = YES;
				CLANG_WARN_INT_CONVERSION = YES;
				CLANG_WARN_NON_LITERAL_NULL_CONVERSION = YES;
				CLANG_WARN_OBJC_IMPLICIT_RETAIN_SELF = YES;
				CLANG_WARN_OBJC_LITERAL_CONVERSION = YES;
				CLANG_WARN_OBJC_ROOT_CLASS = YES_ERROR;
				CLANG_WARN_RANGE_LOOP_ANALYSIS = YES;
				CLANG_WARN_STRICT_PROTOTYPES = YES;
				CLANG_WARN_SUSPICIOUS_MOVE = YES;
				CLANG_WARN_UNGUARDED_AVAILABILITY = YES_AGGRESSIVE;
				CLANG_WARN_UNREACHABLE_CODE = YES;
				CLANG_WARN__DUPLICATE_METHOD_MATCH = YES;
				COPY_PHASE_STRIP = NO;
				DEBUG_INFORMATION_FORMAT = "dwarf-with-dsym";
				ENABLE_NS_ASSERTIONS = NO;
				ENABLE_STRICT_OBJC_MSGSEND = YES;
				GCC_C_LANGUAGE_STANDARD = gnu11;
				GCC_NO_COMMON_BLOCKS = YES;
				GCC_WARN_64_TO_32_BIT_CONVERSION = YES;
				GCC_WARN_ABOUT_RETURN_TYPE = YES_ERROR;
				GCC_WARN_UNDECLARED_SELECTOR = YES;
				GCC_WARN_UNINITIALIZED_AUTOS = YES_AGGRESSIVE;
				GCC_WARN_UNUSED_FUNCTION = YES;
				GCC_WARN_UNUSED_VARIABLE = YES;
				IPHONEOS_DEPLOYMENT_TARGET = 13.6;
				MTL_ENABLE_DEBUG_INFO = NO;
				MTL_FAST_MATH = YES;
				SDKROOT = iphoneos;
				SWIFT_COMPILATION_MODE = wholemodule;
				SWIFT_OPTIMIZATION_LEVEL = "-O";
				VALIDATE_PRODUCT = YES;
			};
			name = Release;
		};
		31711D0225390104003BF8DE /* Debug */ = {
			isa = XCBuildConfiguration;
			baseConfigurationReference = AFB4A3B6052BA4D88B3D213B /* Pods-AnywhereFitness2.debug.xcconfig */;
			buildSettings = {
				ASSETCATALOG_COMPILER_APPICON_NAME = AppIcon;
				CODE_SIGN_STYLE = Automatic;
				DEVELOPMENT_TEAM = S6V29A8HUW;
				INFOPLIST_FILE = AnywhereFitness2/Info.plist;
				LD_RUNPATH_SEARCH_PATHS = (
					"$(inherited)",
					"@executable_path/Frameworks",
				);
				PRODUCT_BUNDLE_IDENTIFIER = com.john.AnywhereFitness2;
				PRODUCT_NAME = "$(TARGET_NAME)";
				SWIFT_VERSION = 5.0;
				TARGETED_DEVICE_FAMILY = "1,2";
			};
			name = Debug;
		};
		31711D0325390104003BF8DE /* Release */ = {
			isa = XCBuildConfiguration;
			baseConfigurationReference = 0968A786DA10B229F3FCF300 /* Pods-AnywhereFitness2.release.xcconfig */;
			buildSettings = {
				ASSETCATALOG_COMPILER_APPICON_NAME = AppIcon;
				CODE_SIGN_STYLE = Automatic;
				DEVELOPMENT_TEAM = S6V29A8HUW;
				INFOPLIST_FILE = AnywhereFitness2/Info.plist;
				LD_RUNPATH_SEARCH_PATHS = (
					"$(inherited)",
					"@executable_path/Frameworks",
				);
				PRODUCT_BUNDLE_IDENTIFIER = com.john.AnywhereFitness2;
				PRODUCT_NAME = "$(TARGET_NAME)";
				SWIFT_VERSION = 5.0;
				TARGETED_DEVICE_FAMILY = "1,2";
			};
			name = Release;
		};
/* End XCBuildConfiguration section */

/* Begin XCConfigurationList section */
		31711CE525390103003BF8DE /* Build configuration list for PBXProject "AnywhereFitness2" */ = {
			isa = XCConfigurationList;
			buildConfigurations = (
				31711CFF25390104003BF8DE /* Debug */,
				31711D0025390104003BF8DE /* Release */,
			);
			defaultConfigurationIsVisible = 0;
			defaultConfigurationName = Release;
		};
		31711D0125390104003BF8DE /* Build configuration list for PBXNativeTarget "AnywhereFitness2" */ = {
			isa = XCConfigurationList;
			buildConfigurations = (
				31711D0225390104003BF8DE /* Debug */,
				31711D0325390104003BF8DE /* Release */,
			);
			defaultConfigurationIsVisible = 0;
			defaultConfigurationName = Release;
		};
/* End XCConfigurationList section */

/* Begin XCVersionGroup section */
		31711CF625390103003BF8DE /* AnywhereFitness2.xcdatamodeld */ = {
			isa = XCVersionGroup;
			children = (
				31711CF725390103003BF8DE /* AnywhereFitness2.xcdatamodel */,
			);
			currentVersion = 31711CF725390103003BF8DE /* AnywhereFitness2.xcdatamodel */;
			path = AnywhereFitness2.xcdatamodeld;
			sourceTree = "<group>";
			versionGroupType = wrapper.xcdatamodel;
		};
		4679C59A253948700070C8FC /* Models.xcdatamodeld */ = {
			isa = XCVersionGroup;
			children = (
				4679C59B253948700070C8FC /* Models.xcdatamodel */,
			);
			currentVersion = 4679C59B253948700070C8FC /* Models.xcdatamodel */;
			path = Models.xcdatamodeld;
			sourceTree = "<group>";
			versionGroupType = wrapper.xcdatamodel;
		};
/* End XCVersionGroup section */
	};
	rootObject = 31711CE225390103003BF8DE /* Project object */;
}
